// !$*UTF8*$!
{
	archiveVersion = 1;
	classes = {
	};
	objectVersion = 77;
	objects = {

/* Begin PBXBuildFile section */
		1E0C8B3A2CFBA9CB00CA9209 /* day01.swift in Sources */ = {isa = PBXBuildFile; fileRef = 1E0C8B042CFBA9CB00CA9209 /* day01.swift */; };
		1E0C8B3B2CFBA9CB00CA9209 /* day02.swift in Sources */ = {isa = PBXBuildFile; fileRef = 1E0C8B052CFBA9CB00CA9209 /* day02.swift */; };
		1E0C8B3C2CFBA9CB00CA9209 /* day03.swift in Sources */ = {isa = PBXBuildFile; fileRef = 1E0C8B062CFBA9CB00CA9209 /* day03.swift */; };
		1E0C8B3D2CFBA9CB00CA9209 /* day04.swift in Sources */ = {isa = PBXBuildFile; fileRef = 1E0C8B072CFBA9CB00CA9209 /* day04.swift */; };
		1E0C8B3E2CFBA9CB00CA9209 /* day05.swift in Sources */ = {isa = PBXBuildFile; fileRef = 1E0C8B082CFBA9CB00CA9209 /* day05.swift */; };
		1E0C8B3F2CFBA9CB00CA9209 /* day06.swift in Sources */ = {isa = PBXBuildFile; fileRef = 1E0C8B092CFBA9CB00CA9209 /* day06.swift */; };
		1E0C8B402CFBA9CB00CA9209 /* day07.swift in Sources */ = {isa = PBXBuildFile; fileRef = 1E0C8B0A2CFBA9CB00CA9209 /* day07.swift */; };
		1E0C8B412CFBA9CB00CA9209 /* day08.swift in Sources */ = {isa = PBXBuildFile; fileRef = 1E0C8B0B2CFBA9CB00CA9209 /* day08.swift */; };
		1E0C8B422CFBA9CB00CA9209 /* day09.swift in Sources */ = {isa = PBXBuildFile; fileRef = 1E0C8B0C2CFBA9CB00CA9209 /* day09.swift */; };
		1E0C8B432CFBA9CB00CA9209 /* day10.swift in Sources */ = {isa = PBXBuildFile; fileRef = 1E0C8B0D2CFBA9CB00CA9209 /* day10.swift */; };
		1E0C8B442CFBA9CB00CA9209 /* day11.swift in Sources */ = {isa = PBXBuildFile; fileRef = 1E0C8B0E2CFBA9CB00CA9209 /* day11.swift */; };
		1E0C8B452CFBA9CB00CA9209 /* day12.swift in Sources */ = {isa = PBXBuildFile; fileRef = 1E0C8B0F2CFBA9CB00CA9209 /* day12.swift */; };
		1E0C8B462CFBA9CB00CA9209 /* day13.swift in Sources */ = {isa = PBXBuildFile; fileRef = 1E0C8B102CFBA9CB00CA9209 /* day13.swift */; };
		1E0C8B472CFBA9CB00CA9209 /* day14.swift in Sources */ = {isa = PBXBuildFile; fileRef = 1E0C8B112CFBA9CB00CA9209 /* day14.swift */; };
		1E0C8B482CFBA9CB00CA9209 /* day15.swift in Sources */ = {isa = PBXBuildFile; fileRef = 1E0C8B122CFBA9CB00CA9209 /* day15.swift */; };
		1E0C8B492CFBA9CB00CA9209 /* day16.swift in Sources */ = {isa = PBXBuildFile; fileRef = 1E0C8B132CFBA9CB00CA9209 /* day16.swift */; };
		1E0C8B4A2CFBA9CB00CA9209 /* day17.swift in Sources */ = {isa = PBXBuildFile; fileRef = 1E0C8B142CFBA9CB00CA9209 /* day17.swift */; };
		1E0C8B4B2CFBA9CB00CA9209 /* day18.swift in Sources */ = {isa = PBXBuildFile; fileRef = 1E0C8B152CFBA9CB00CA9209 /* day18.swift */; };
		1E0C8B4C2CFBA9CB00CA9209 /* day19.swift in Sources */ = {isa = PBXBuildFile; fileRef = 1E0C8B162CFBA9CB00CA9209 /* day19.swift */; };
		1E0C8B4D2CFBA9CB00CA9209 /* day20.swift in Sources */ = {isa = PBXBuildFile; fileRef = 1E0C8B172CFBA9CB00CA9209 /* day20.swift */; };
		1E0C8B4E2CFBA9CB00CA9209 /* day21.swift in Sources */ = {isa = PBXBuildFile; fileRef = 1E0C8B182CFBA9CB00CA9209 /* day21.swift */; };
		1E0C8B4F2CFBA9CB00CA9209 /* day22.swift in Sources */ = {isa = PBXBuildFile; fileRef = 1E0C8B192CFBA9CB00CA9209 /* day22.swift */; };
		1E0C8B502CFBA9CB00CA9209 /* day23.swift in Sources */ = {isa = PBXBuildFile; fileRef = 1E0C8B1A2CFBA9CB00CA9209 /* day23.swift */; };
		1E0C8B512CFBA9CB00CA9209 /* day24.swift in Sources */ = {isa = PBXBuildFile; fileRef = 1E0C8B1B2CFBA9CB00CA9209 /* day24.swift */; };
		1E0C8B522CFBA9CB00CA9209 /* day25.swift in Sources */ = {isa = PBXBuildFile; fileRef = 1E0C8B1C2CFBA9CB00CA9209 /* day25.swift */; };
		1E0C8B532CFBA9CB00CA9209 /* helpers.swift in Sources */ = {isa = PBXBuildFile; fileRef = 1E0C8B1D2CFBA9CB00CA9209 /* helpers.swift */; };
		1E0C8B542CFBA9CB00CA9209 /* main.swift in Sources */ = {isa = PBXBuildFile; fileRef = 1E0C8B372CFBA9CB00CA9209 /* main.swift */; };
/* End PBXBuildFile section */

/* Begin PBXCopyFilesBuildPhase section */
		1E84963B2CFBA4B900444BF8 /* CopyFiles */ = {
			isa = PBXCopyFilesBuildPhase;
			buildActionMask = 2147483647;
			dstPath = /usr/share/man/man1/;
			dstSubfolderSpec = 0;
			files = (
			);
			runOnlyForDeploymentPostprocessing = 1;
		};
/* End PBXCopyFilesBuildPhase section */

/* Begin PBXFileReference section */
		1E0C8B042CFBA9CB00CA9209 /* day01.swift */ = {isa = PBXFileReference; lastKnownFileType = sourcecode.swift; path = day01.swift; sourceTree = "<group>"; };
		1E0C8B052CFBA9CB00CA9209 /* day02.swift */ = {isa = PBXFileReference; lastKnownFileType = sourcecode.swift; path = day02.swift; sourceTree = "<group>"; };
		1E0C8B062CFBA9CB00CA9209 /* day03.swift */ = {isa = PBXFileReference; lastKnownFileType = sourcecode.swift; path = day03.swift; sourceTree = "<group>"; };
		1E0C8B072CFBA9CB00CA9209 /* day04.swift */ = {isa = PBXFileReference; lastKnownFileType = sourcecode.swift; path = day04.swift; sourceTree = "<group>"; };
		1E0C8B082CFBA9CB00CA9209 /* day05.swift */ = {isa = PBXFileReference; lastKnownFileType = sourcecode.swift; path = day05.swift; sourceTree = "<group>"; };
		1E0C8B092CFBA9CB00CA9209 /* day06.swift */ = {isa = PBXFileReference; lastKnownFileType = sourcecode.swift; path = day06.swift; sourceTree = "<group>"; };
		1E0C8B0A2CFBA9CB00CA9209 /* day07.swift */ = {isa = PBXFileReference; lastKnownFileType = sourcecode.swift; path = day07.swift; sourceTree = "<group>"; };
		1E0C8B0B2CFBA9CB00CA9209 /* day08.swift */ = {isa = PBXFileReference; lastKnownFileType = sourcecode.swift; path = day08.swift; sourceTree = "<group>"; };
		1E0C8B0C2CFBA9CB00CA9209 /* day09.swift */ = {isa = PBXFileReference; lastKnownFileType = sourcecode.swift; path = day09.swift; sourceTree = "<group>"; };
		1E0C8B0D2CFBA9CB00CA9209 /* day10.swift */ = {isa = PBXFileReference; lastKnownFileType = sourcecode.swift; path = day10.swift; sourceTree = "<group>"; };
		1E0C8B0E2CFBA9CB00CA9209 /* day11.swift */ = {isa = PBXFileReference; lastKnownFileType = sourcecode.swift; path = day11.swift; sourceTree = "<group>"; };
		1E0C8B0F2CFBA9CB00CA9209 /* day12.swift */ = {isa = PBXFileReference; lastKnownFileType = sourcecode.swift; path = day12.swift; sourceTree = "<group>"; };
		1E0C8B102CFBA9CB00CA9209 /* day13.swift */ = {isa = PBXFileReference; lastKnownFileType = sourcecode.swift; path = day13.swift; sourceTree = "<group>"; };
		1E0C8B112CFBA9CB00CA9209 /* day14.swift */ = {isa = PBXFileReference; lastKnownFileType = sourcecode.swift; path = day14.swift; sourceTree = "<group>"; };
		1E0C8B122CFBA9CB00CA9209 /* day15.swift */ = {isa = PBXFileReference; lastKnownFileType = sourcecode.swift; path = day15.swift; sourceTree = "<group>"; };
		1E0C8B132CFBA9CB00CA9209 /* day16.swift */ = {isa = PBXFileReference; lastKnownFileType = sourcecode.swift; path = day16.swift; sourceTree = "<group>"; };
		1E0C8B142CFBA9CB00CA9209 /* day17.swift */ = {isa = PBXFileReference; lastKnownFileType = sourcecode.swift; path = day17.swift; sourceTree = "<group>"; };
		1E0C8B152CFBA9CB00CA9209 /* day18.swift */ = {isa = PBXFileReference; lastKnownFileType = sourcecode.swift; path = day18.swift; sourceTree = "<group>"; };
		1E0C8B162CFBA9CB00CA9209 /* day19.swift */ = {isa = PBXFileReference; lastKnownFileType = sourcecode.swift; path = day19.swift; sourceTree = "<group>"; };
		1E0C8B172CFBA9CB00CA9209 /* day20.swift */ = {isa = PBXFileReference; lastKnownFileType = sourcecode.swift; path = day20.swift; sourceTree = "<group>"; };
		1E0C8B182CFBA9CB00CA9209 /* day21.swift */ = {isa = PBXFileReference; lastKnownFileType = sourcecode.swift; path = day21.swift; sourceTree = "<group>"; };
		1E0C8B192CFBA9CB00CA9209 /* day22.swift */ = {isa = PBXFileReference; lastKnownFileType = sourcecode.swift; path = day22.swift; sourceTree = "<group>"; };
		1E0C8B1A2CFBA9CB00CA9209 /* day23.swift */ = {isa = PBXFileReference; lastKnownFileType = sourcecode.swift; path = day23.swift; sourceTree = "<group>"; };
		1E0C8B1B2CFBA9CB00CA9209 /* day24.swift */ = {isa = PBXFileReference; lastKnownFileType = sourcecode.swift; path = day24.swift; sourceTree = "<group>"; };
		1E0C8B1C2CFBA9CB00CA9209 /* day25.swift */ = {isa = PBXFileReference; lastKnownFileType = sourcecode.swift; path = day25.swift; sourceTree = "<group>"; };
		1E0C8B1D2CFBA9CB00CA9209 /* helpers.swift */ = {isa = PBXFileReference; lastKnownFileType = sourcecode.swift; path = helpers.swift; sourceTree = "<group>"; };
		1E0C8B1E2CFBA9CB00CA9209 /* input01 */ = {isa = PBXFileReference; lastKnownFileType = text; path = input01; sourceTree = "<group>"; };
		1E0C8B1F2CFBA9CB00CA9209 /* input02 */ = {isa = PBXFileReference; lastKnownFileType = text; path = input02; sourceTree = "<group>"; };
		1E0C8B202CFBA9CB00CA9209 /* input03 */ = {isa = PBXFileReference; lastKnownFileType = text; path = input03; sourceTree = "<group>"; };
		1E0C8B212CFBA9CB00CA9209 /* input04 */ = {isa = PBXFileReference; lastKnownFileType = text; path = input04; sourceTree = "<group>"; };
		1E0C8B222CFBA9CB00CA9209 /* input05 */ = {isa = PBXFileReference; lastKnownFileType = text; path = input05; sourceTree = "<group>"; };
		1E0C8B232CFBA9CB00CA9209 /* input06 */ = {isa = PBXFileReference; lastKnownFileType = text; path = input06; sourceTree = "<group>"; };
		1E0C8B242CFBA9CB00CA9209 /* input07 */ = {isa = PBXFileReference; lastKnownFileType = text; path = input07; sourceTree = "<group>"; };
		1E0C8B252CFBA9CB00CA9209 /* input08 */ = {isa = PBXFileReference; lastKnownFileType = text; path = input08; sourceTree = "<group>"; };
		1E0C8B262CFBA9CB00CA9209 /* input09 */ = {isa = PBXFileReference; lastKnownFileType = text; path = input09; sourceTree = "<group>"; };
		1E0C8B272CFBA9CB00CA9209 /* input10 */ = {isa = PBXFileReference; lastKnownFileType = text; path = input10; sourceTree = "<group>"; };
		1E0C8B282CFBA9CB00CA9209 /* input11 */ = {isa = PBXFileReference; lastKnownFileType = text; path = input11; sourceTree = "<group>"; };
		1E0C8B292CFBA9CB00CA9209 /* input12 */ = {isa = PBXFileReference; lastKnownFileType = text; path = input12; sourceTree = "<group>"; };
		1E0C8B2A2CFBA9CB00CA9209 /* input13 */ = {isa = PBXFileReference; lastKnownFileType = text; path = input13; sourceTree = "<group>"; };
		1E0C8B2B2CFBA9CB00CA9209 /* input14 */ = {isa = PBXFileReference; lastKnownFileType = text; path = input14; sourceTree = "<group>"; };
		1E0C8B2C2CFBA9CB00CA9209 /* input15 */ = {isa = PBXFileReference; lastKnownFileType = text; path = input15; sourceTree = "<group>"; };
		1E0C8B2D2CFBA9CB00CA9209 /* input16 */ = {isa = PBXFileReference; lastKnownFileType = text; path = input16; sourceTree = "<group>"; };
		1E0C8B2E2CFBA9CB00CA9209 /* input17 */ = {isa = PBXFileReference; lastKnownFileType = text; path = input17; sourceTree = "<group>"; };
		1E0C8B2F2CFBA9CB00CA9209 /* input18 */ = {isa = PBXFileReference; lastKnownFileType = text; path = input18; sourceTree = "<group>"; };
		1E0C8B302CFBA9CB00CA9209 /* input19 */ = {isa = PBXFileReference; lastKnownFileType = text; path = input19; sourceTree = "<group>"; };
		1E0C8B312CFBA9CB00CA9209 /* input20 */ = {isa = PBXFileReference; lastKnownFileType = text; path = input20; sourceTree = "<group>"; };
		1E0C8B322CFBA9CB00CA9209 /* input21 */ = {isa = PBXFileReference; lastKnownFileType = text; path = input21; sourceTree = "<group>"; };
		1E0C8B332CFBA9CB00CA9209 /* input22 */ = {isa = PBXFileReference; lastKnownFileType = text; path = input22; sourceTree = "<group>"; };
		1E0C8B342CFBA9CB00CA9209 /* input23 */ = {isa = PBXFileReference; lastKnownFileType = text; path = input23; sourceTree = "<group>"; };
		1E0C8B352CFBA9CB00CA9209 /* input24 */ = {isa = PBXFileReference; lastKnownFileType = text; path = input24; sourceTree = "<group>"; };
		1E0C8B362CFBA9CB00CA9209 /* input25 */ = {isa = PBXFileReference; lastKnownFileType = text; path = input25; sourceTree = "<group>"; };
		1E0C8B372CFBA9CB00CA9209 /* main.swift */ = {isa = PBXFileReference; lastKnownFileType = sourcecode.swift; path = main.swift; sourceTree = "<group>"; };
		1E0C8B382CFBA9CB00CA9209 /* testInput */ = {isa = PBXFileReference; lastKnownFileType = text; path = testInput; sourceTree = "<group>"; };
		1E84963D2CFBA4B900444BF8 /* aoc2024 */ = {isa = PBXFileReference; explicitFileType = "compiled.mach-o.executable"; includeInIndex = 0; path = aoc2024; sourceTree = BUILT_PRODUCTS_DIR; };
/* End PBXFileReference section */

/* Begin PBXFrameworksBuildPhase section */
		1E84963A2CFBA4B900444BF8 /* Frameworks */ = {
			isa = PBXFrameworksBuildPhase;
			buildActionMask = 2147483647;
			files = (
			);
			runOnlyForDeploymentPostprocessing = 0;
		};
/* End PBXFrameworksBuildPhase section */

/* Begin PBXGroup section */
		1E0C8B392CFBA9CB00CA9209 /* aoc2024 */ = {
			isa = PBXGroup;
			children = (
				1E0C8B372CFBA9CB00CA9209 /* main.swift */,
				1E0C8B1D2CFBA9CB00CA9209 /* helpers.swift */,
				1E0C8B382CFBA9CB00CA9209 /* testInput */,
				1E0C8B042CFBA9CB00CA9209 /* day01.swift */,
				1E0C8B052CFBA9CB00CA9209 /* day02.swift */,
				1E0C8B062CFBA9CB00CA9209 /* day03.swift */,
				1E0C8B072CFBA9CB00CA9209 /* day04.swift */,
				1E0C8B082CFBA9CB00CA9209 /* day05.swift */,
				1E0C8B092CFBA9CB00CA9209 /* day06.swift */,
				1E0C8B0A2CFBA9CB00CA9209 /* day07.swift */,
				1E0C8B0B2CFBA9CB00CA9209 /* day08.swift */,
				1E0C8B0C2CFBA9CB00CA9209 /* day09.swift */,
				1E0C8B0D2CFBA9CB00CA9209 /* day10.swift */,
				1E0C8B0E2CFBA9CB00CA9209 /* day11.swift */,
				1E0C8B0F2CFBA9CB00CA9209 /* day12.swift */,
				1E0C8B102CFBA9CB00CA9209 /* day13.swift */,
				1E0C8B112CFBA9CB00CA9209 /* day14.swift */,
				1E0C8B122CFBA9CB00CA9209 /* day15.swift */,
				1E0C8B132CFBA9CB00CA9209 /* day16.swift */,
				1E0C8B142CFBA9CB00CA9209 /* day17.swift */,
				1E0C8B152CFBA9CB00CA9209 /* day18.swift */,
				1E0C8B162CFBA9CB00CA9209 /* day19.swift */,
				1E0C8B172CFBA9CB00CA9209 /* day20.swift */,
				1E0C8B182CFBA9CB00CA9209 /* day21.swift */,
				1E0C8B192CFBA9CB00CA9209 /* day22.swift */,
				1E0C8B1A2CFBA9CB00CA9209 /* day23.swift */,
				1E0C8B1B2CFBA9CB00CA9209 /* day24.swift */,
				1E0C8B1C2CFBA9CB00CA9209 /* day25.swift */,
				1E0C8B1E2CFBA9CB00CA9209 /* input01 */,
				1E0C8B1F2CFBA9CB00CA9209 /* input02 */,
				1E0C8B202CFBA9CB00CA9209 /* input03 */,
				1E0C8B212CFBA9CB00CA9209 /* input04 */,
				1E0C8B222CFBA9CB00CA9209 /* input05 */,
				1E0C8B232CFBA9CB00CA9209 /* input06 */,
				1E0C8B242CFBA9CB00CA9209 /* input07 */,
				1E0C8B252CFBA9CB00CA9209 /* input08 */,
				1E0C8B262CFBA9CB00CA9209 /* input09 */,
				1E0C8B272CFBA9CB00CA9209 /* input10 */,
				1E0C8B282CFBA9CB00CA9209 /* input11 */,
				1E0C8B292CFBA9CB00CA9209 /* input12 */,
				1E0C8B2A2CFBA9CB00CA9209 /* input13 */,
				1E0C8B2B2CFBA9CB00CA9209 /* input14 */,
				1E0C8B2C2CFBA9CB00CA9209 /* input15 */,
				1E0C8B2D2CFBA9CB00CA9209 /* input16 */,
				1E0C8B2E2CFBA9CB00CA9209 /* input17 */,
				1E0C8B2F2CFBA9CB00CA9209 /* input18 */,
				1E0C8B302CFBA9CB00CA9209 /* input19 */,
				1E0C8B312CFBA9CB00CA9209 /* input20 */,
				1E0C8B322CFBA9CB00CA9209 /* input21 */,
				1E0C8B332CFBA9CB00CA9209 /* input22 */,
				1E0C8B342CFBA9CB00CA9209 /* input23 */,
				1E0C8B352CFBA9CB00CA9209 /* input24 */,
				1E0C8B362CFBA9CB00CA9209 /* input25 */,
			);
			path = aoc2024;
			sourceTree = "<group>";
		};
		1E8496342CFBA4B900444BF8 = {
			isa = PBXGroup;
			children = (
				1E0C8B392CFBA9CB00CA9209 /* aoc2024 */,
				1E84963E2CFBA4B900444BF8 /* Products */,
			);
			sourceTree = "<group>";
		};
		1E84963E2CFBA4B900444BF8 /* Products */ = {
			isa = PBXGroup;
			children = (
				1E84963D2CFBA4B900444BF8 /* aoc2024 */,
			);
			name = Products;
			sourceTree = "<group>";
		};
/* End PBXGroup section */

/* Begin PBXNativeTarget section */
		1E84963C2CFBA4B900444BF8 /* aoc2024 */ = {
			isa = PBXNativeTarget;
			buildConfigurationList = 1E8496442CFBA4B900444BF8 /* Build configuration list for PBXNativeTarget "aoc2024" */;
			buildPhases = (
				1E8496392CFBA4B900444BF8 /* Sources */,
				1E84963A2CFBA4B900444BF8 /* Frameworks */,
				1E84963B2CFBA4B900444BF8 /* CopyFiles */,
			);
			buildRules = (
			);
			dependencies = (
			);
			name = aoc2024;
			packageProductDependencies = (
			);
			productName = aoc2024;
			productReference = 1E84963D2CFBA4B900444BF8 /* aoc2024 */;
			productType = "com.apple.product-type.tool";
		};
/* End PBXNativeTarget section */

/* Begin PBXProject section */
		1E8496352CFBA4B900444BF8 /* Project object */ = {
			isa = PBXProject;
			attributes = {
				BuildIndependentTargetsInParallel = 1;
				LastSwiftUpdateCheck = 1610;
				LastUpgradeCheck = 1610;
				TargetAttributes = {
					1E84963C2CFBA4B900444BF8 = {
						CreatedOnToolsVersion = 16.1;
					};
				};
			};
			buildConfigurationList = 1E8496382CFBA4B900444BF8 /* Build configuration list for PBXProject "aoc2024" */;
			developmentRegion = en;
			hasScannedForEncodings = 0;
			knownRegions = (
				en,
				Base,
			);
			mainGroup = 1E8496342CFBA4B900444BF8;
			minimizedProjectReferenceProxies = 1;
			preferredProjectObjectVersion = 77;
			productRefGroup = 1E84963E2CFBA4B900444BF8 /* Products */;
			projectDirPath = "";
			projectRoot = "";
			targets = (
				1E84963C2CFBA4B900444BF8 /* aoc2024 */,
			);
		};
/* End PBXProject section */

/* Begin PBXSourcesBuildPhase section */
		1E8496392CFBA4B900444BF8 /* Sources */ = {
			isa = PBXSourcesBuildPhase;
			buildActionMask = 2147483647;
			files = (
				1E0C8B3A2CFBA9CB00CA9209 /* day01.swift in Sources */,
				1E0C8B3B2CFBA9CB00CA9209 /* day02.swift in Sources */,
				1E0C8B3C2CFBA9CB00CA9209 /* day03.swift in Sources */,
				1E0C8B3D2CFBA9CB00CA9209 /* day04.swift in Sources */,
				1E0C8B3E2CFBA9CB00CA9209 /* day05.swift in Sources */,
				1E0C8B3F2CFBA9CB00CA9209 /* day06.swift in Sources */,
				1E0C8B402CFBA9CB00CA9209 /* day07.swift in Sources */,
				1E0C8B412CFBA9CB00CA9209 /* day08.swift in Sources */,
				1E0C8B422CFBA9CB00CA9209 /* day09.swift in Sources */,
				1E0C8B432CFBA9CB00CA9209 /* day10.swift in Sources */,
				1E0C8B442CFBA9CB00CA9209 /* day11.swift in Sources */,
				1E0C8B452CFBA9CB00CA9209 /* day12.swift in Sources */,
				1E0C8B462CFBA9CB00CA9209 /* day13.swift in Sources */,
				1E0C8B472CFBA9CB00CA9209 /* day14.swift in Sources */,
				1E0C8B482CFBA9CB00CA9209 /* day15.swift in Sources */,
				1E0C8B492CFBA9CB00CA9209 /* day16.swift in Sources */,
				1E0C8B4A2CFBA9CB00CA9209 /* day17.swift in Sources */,
				1E0C8B4B2CFBA9CB00CA9209 /* day18.swift in Sources */,
				1E0C8B4C2CFBA9CB00CA9209 /* day19.swift in Sources */,
				1E0C8B4D2CFBA9CB00CA9209 /* day20.swift in Sources */,
				1E0C8B4E2CFBA9CB00CA9209 /* day21.swift in Sources */,
				1E0C8B4F2CFBA9CB00CA9209 /* day22.swift in Sources */,
				1E0C8B502CFBA9CB00CA9209 /* day23.swift in Sources */,
				1E0C8B512CFBA9CB00CA9209 /* day24.swift in Sources */,
				1E0C8B522CFBA9CB00CA9209 /* day25.swift in Sources */,
				1E0C8B532CFBA9CB00CA9209 /* helpers.swift in Sources */,
				1E0C8B542CFBA9CB00CA9209 /* main.swift in Sources */,
			);
			runOnlyForDeploymentPostprocessing = 0;
		};
/* End PBXSourcesBuildPhase section */

/* Begin XCBuildConfiguration section */
		1E8496422CFBA4B900444BF8 /* Debug */ = {
			isa = XCBuildConfiguration;
			buildSettings = {
				ALWAYS_SEARCH_USER_PATHS = NO;
				ASSETCATALOG_COMPILER_GENERATE_SWIFT_ASSET_SYMBOL_EXTENSIONS = YES;
				CLANG_ANALYZER_NONNULL = YES;
				CLANG_ANALYZER_NUMBER_OBJECT_CONVERSION = YES_AGGRESSIVE;
				CLANG_CXX_LANGUAGE_STANDARD = "gnu++20";
				CLANG_ENABLE_MODULES = YES;
				CLANG_ENABLE_OBJC_ARC = YES;
				CLANG_ENABLE_OBJC_WEAK = YES;
				CLANG_WARN_BLOCK_CAPTURE_AUTORELEASING = YES;
				CLANG_WARN_BOOL_CONVERSION = YES;
				CLANG_WARN_COMMA = YES;
				CLANG_WARN_CONSTANT_CONVERSION = YES;
				CLANG_WARN_DEPRECATED_OBJC_IMPLEMENTATIONS = YES;
				CLANG_WARN_DIRECT_OBJC_ISA_USAGE = YES_ERROR;
				CLANG_WARN_DOCUMENTATION_COMMENTS = YES;
				CLANG_WARN_EMPTY_BODY = YES;
				CLANG_WARN_ENUM_CONVERSION = YES;
				CLANG_WARN_INFINITE_RECURSION = YES;
				CLANG_WARN_INT_CONVERSION = YES;
				CLANG_WARN_NON_LITERAL_NULL_CONVERSION = YES;
				CLANG_WARN_OBJC_IMPLICIT_RETAIN_SELF = YES;
				CLANG_WARN_OBJC_LITERAL_CONVERSION = YES;
				CLANG_WARN_OBJC_ROOT_CLASS = YES_ERROR;
				CLANG_WARN_QUOTED_INCLUDE_IN_FRAMEWORK_HEADER = YES;
				CLANG_WARN_RANGE_LOOP_ANALYSIS = YES;
				CLANG_WARN_STRICT_PROTOTYPES = YES;
				CLANG_WARN_SUSPICIOUS_MOVE = YES;
				CLANG_WARN_UNGUARDED_AVAILABILITY = YES_AGGRESSIVE;
				CLANG_WARN_UNREACHABLE_CODE = YES;
				CLANG_WARN__DUPLICATE_METHOD_MATCH = YES;
				COPY_PHASE_STRIP = NO;
				DEBUG_INFORMATION_FORMAT = dwarf;
				ENABLE_STRICT_OBJC_MSGSEND = YES;
				ENABLE_TESTABILITY = YES;
				ENABLE_USER_SCRIPT_SANDBOXING = YES;
				GCC_C_LANGUAGE_STANDARD = gnu17;
				GCC_DYNAMIC_NO_PIC = NO;
				GCC_NO_COMMON_BLOCKS = YES;
				GCC_OPTIMIZATION_LEVEL = 0;
				GCC_PREPROCESSOR_DEFINITIONS = (
					"DEBUG=1",
					"$(inherited)",
				);
				GCC_WARN_64_TO_32_BIT_CONVERSION = YES;
				GCC_WARN_ABOUT_RETURN_TYPE = YES_ERROR;
				GCC_WARN_UNDECLARED_SELECTOR = YES;
				GCC_WARN_UNINITIALIZED_AUTOS = YES_AGGRESSIVE;
				GCC_WARN_UNUSED_FUNCTION = YES;
				GCC_WARN_UNUSED_VARIABLE = YES;
				LOCALIZATION_PREFERS_STRING_CATALOGS = YES;
				MACOSX_DEPLOYMENT_TARGET = 15.1;
				MTL_ENABLE_DEBUG_INFO = INCLUDE_SOURCE;
				MTL_FAST_MATH = YES;
				ONLY_ACTIVE_ARCH = YES;
				SDKROOT = macosx;
				SWIFT_ACTIVE_COMPILATION_CONDITIONS = "DEBUG $(inherited)";
				SWIFT_OPTIMIZATION_LEVEL = "-Onone";
			};
			name = Debug;
		};
		1E8496432CFBA4B900444BF8 /* Release */ = {
			isa = XCBuildConfiguration;
			buildSettings = {
				ALWAYS_SEARCH_USER_PATHS = NO;
				ASSETCATALOG_COMPILER_GENERATE_SWIFT_ASSET_SYMBOL_EXTENSIONS = YES;
				CLANG_ANALYZER_NONNULL = YES;
				CLANG_ANALYZER_NUMBER_OBJECT_CONVERSION = YES_AGGRESSIVE;
				CLANG_CXX_LANGUAGE_STANDARD = "gnu++20";
				CLANG_ENABLE_MODULES = YES;
				CLANG_ENABLE_OBJC_ARC = YES;
				CLANG_ENABLE_OBJC_WEAK = YES;
				CLANG_WARN_BLOCK_CAPTURE_AUTORELEASING = YES;
				CLANG_WARN_BOOL_CONVERSION = YES;
				CLANG_WARN_COMMA = YES;
				CLANG_WARN_CONSTANT_CONVERSION = YES;
				CLANG_WARN_DEPRECATED_OBJC_IMPLEMENTATIONS = YES;
				CLANG_WARN_DIRECT_OBJC_ISA_USAGE = YES_ERROR;
				CLANG_WARN_DOCUMENTATION_COMMENTS = YES;
				CLANG_WARN_EMPTY_BODY = YES;
				CLANG_WARN_ENUM_CONVERSION = YES;
				CLANG_WARN_INFINITE_RECURSION = YES;
				CLANG_WARN_INT_CONVERSION = YES;
				CLANG_WARN_NON_LITERAL_NULL_CONVERSION = YES;
				CLANG_WARN_OBJC_IMPLICIT_RETAIN_SELF = YES;
				CLANG_WARN_OBJC_LITERAL_CONVERSION = YES;
				CLANG_WARN_OBJC_ROOT_CLASS = YES_ERROR;
				CLANG_WARN_QUOTED_INCLUDE_IN_FRAMEWORK_HEADER = YES;
				CLANG_WARN_RANGE_LOOP_ANALYSIS = YES;
				CLANG_WARN_STRICT_PROTOTYPES = YES;
				CLANG_WARN_SUSPICIOUS_MOVE = YES;
				CLANG_WARN_UNGUARDED_AVAILABILITY = YES_AGGRESSIVE;
				CLANG_WARN_UNREACHABLE_CODE = YES;
				CLANG_WARN__DUPLICATE_METHOD_MATCH = YES;
				COPY_PHASE_STRIP = NO;
				DEBUG_INFORMATION_FORMAT = "dwarf-with-dsym";
				ENABLE_NS_ASSERTIONS = NO;
				ENABLE_STRICT_OBJC_MSGSEND = YES;
				ENABLE_USER_SCRIPT_SANDBOXING = YES;
				GCC_C_LANGUAGE_STANDARD = gnu17;
				GCC_NO_COMMON_BLOCKS = YES;
				GCC_WARN_64_TO_32_BIT_CONVERSION = YES;
				GCC_WARN_ABOUT_RETURN_TYPE = YES_ERROR;
				GCC_WARN_UNDECLARED_SELECTOR = YES;
				GCC_WARN_UNINITIALIZED_AUTOS = YES_AGGRESSIVE;
				GCC_WARN_UNUSED_FUNCTION = YES;
				GCC_WARN_UNUSED_VARIABLE = YES;
				LOCALIZATION_PREFERS_STRING_CATALOGS = YES;
				MACOSX_DEPLOYMENT_TARGET = 15.1;
				MTL_ENABLE_DEBUG_INFO = NO;
				MTL_FAST_MATH = YES;
				SDKROOT = macosx;
				SWIFT_COMPILATION_MODE = wholemodule;
			};
			name = Release;
		};
		1E8496452CFBA4B900444BF8 /* Debug */ = {
			isa = XCBuildConfiguration;
			buildSettings = {
				CODE_SIGN_STYLE = Automatic;
				DEVELOPMENT_TEAM = UA923ZLYMM;
				ENABLE_HARDENED_RUNTIME = YES;
				PRODUCT_NAME = "$(TARGET_NAME)";
				SWIFT_VERSION = 5.0;
			};
			name = Debug;
		};
		1E8496462CFBA4B900444BF8 /* Release */ = {
			isa = XCBuildConfiguration;
			buildSettings = {
				CODE_SIGN_STYLE = Automatic;
				DEVELOPMENT_TEAM = UA923ZLYMM;
				ENABLE_HARDENED_RUNTIME = YES;
				PRODUCT_NAME = "$(TARGET_NAME)";
				SWIFT_VERSION = 5.0;
			};
			name = Release;
		};
/* End XCBuildConfiguration section */

/* Begin XCConfigurationList section */
		1E8496382CFBA4B900444BF8 /* Build configuration list for PBXProject "aoc2024" */ = {
			isa = XCConfigurationList;
			buildConfigurations = (
				1E8496422CFBA4B900444BF8 /* Debug */,
				1E8496432CFBA4B900444BF8 /* Release */,
			);
			defaultConfigurationIsVisible = 0;
			defaultConfigurationName = Release;
		};
		1E8496442CFBA4B900444BF8 /* Build configuration list for PBXNativeTarget "aoc2024" */ = {
			isa = XCConfigurationList;
			buildConfigurations = (
				1E8496452CFBA4B900444BF8 /* Debug */,
				1E8496462CFBA4B900444BF8 /* Release */,
			);
			defaultConfigurationIsVisible = 0;
			defaultConfigurationName = Release;
		};
/* End XCConfigurationList section */
	};
	rootObject = 1E8496352CFBA4B900444BF8 /* Project object */;
}
